
Microsoft Visual Studio Solution File, Format Version 12.00
# Visual Studio Version 16
VisualStudioVersion = 16.0.31911.196
MinimumVisualStudioVersion = 10.0.40219.1
Project("{FAE04EC0-301F-11D3-BF4B-00C04F79EFBC}") = "ConcurrentEx", "ConcurrentEx.csproj", "{548CD6C7-477F-4C89-88C1-A053A4C039DD}"
EndProject
Global
	GlobalSection(SolutionConfigurationPlatforms) = preSolution
		Debug|Any CPU = Debug|Any CPU
		Release|Any CPU = Release|Any CPU
	EndGlobalSection
	GlobalSection(ProjectConfigurationPlatforms) = postSolution
		{548CD6C7-477F-4C89-88C1-A053A4C039DD}.Debug|Any CPU.ActiveCfg = Debug|Any CPU
		{548CD6C7-477F-4C89-88C1-A053A4C039DD}.Debug|Any CPU.Build.0 = Debug|Any CPU
		{548CD6C7-477F-4C89-88C1-A053A4C039DD}.Release|Any CPU.ActiveCfg = Release|Any CPU
		{548CD6C7-477F-4C89-88C1-A053A4C039DD}.Release|Any CPU.Build.0 = Release|Any CPU
	EndGlobalSection
	GlobalSection(SolutionProperties) = preSolution
		HideSolutionNode = FALSE
	EndGlobalSection
	GlobalSection(ExtensibilityGlobals) = postSolution
		SolutionGuid = {5B27C78F-1315-4903-AE7E-5F4B767F7041}
	EndGlobalSection
EndGlobal
